// !$*UTF8*$!
{
	archiveVersion = 1;
	classes = {
	};
	objectVersion = 48;
	objects = {

/* Begin PBXBuildFile section */
		5CB3BA879EE84FACAFBC0B7D /* libPods-Exercises.a in Frameworks */ = {isa = PBXBuildFile; fileRef = AF4826A03ACF8382C6EF7122 /* libPods-Exercises.a */; };
		5D18C1BD1FB02DD50097D18A /* Exercises.bundle in Resources */ = {isa = PBXBuildFile; fileRef = 5D18C1BC1FB02DD50097D18A /* Exercises.bundle */; };
		5D18C1C01FB04F8E0097D18A /* XSHomeViewController.m in Sources */ = {isa = PBXBuildFile; fileRef = 5D18C1BF1FB04F8E0097D18A /* XSHomeViewController.m */; };
		5D9C9D251FAC4A87008E4945 /* Assets.xcassets in Resources */ = {isa = PBXBuildFile; fileRef = 5D9C9D241FAC4A87008E4945 /* Assets.xcassets */; };
		B10EB8161FAB59F40060C26E /* AppDelegate.m in Sources */ = {isa = PBXBuildFile; fileRef = B10EB8151FAB59F40060C26E /* AppDelegate.m */; };
		B10EB81C1FAB59F40060C26E /* Main.storyboard in Resources */ = {isa = PBXBuildFile; fileRef = B10EB81A1FAB59F40060C26E /* Main.storyboard */; };
		B10EB8211FAB59F40060C26E /* LaunchScreen.storyboard in Resources */ = {isa = PBXBuildFile; fileRef = B10EB81F1FAB59F40060C26E /* LaunchScreen.storyboard */; };
		B10EB8241FAB59F40060C26E /* main.m in Sources */ = {isa = PBXBuildFile; fileRef = B10EB8231FAB59F40060C26E /* main.m */; };
		B1318E2B1FAD538E00BAFBDC /* README.md in Resources */ = {isa = PBXBuildFile; fileRef = B1318E2A1FAD538D00BAFBDC /* README.md */; };
		B1CA9A441FAD58A200AA2665 /* libsqlite3.0.tbd in Frameworks */ = {isa = PBXBuildFile; fileRef = B1CA9A431FAD58A200AA2665 /* libsqlite3.0.tbd */; };
		B1CA9A4C1FAD605800AA2665 /* XSExercisesModel.m in Sources */ = {isa = PBXBuildFile; fileRef = B1CA9A4B1FAD605800AA2665 /* XSExercisesModel.m */; };
		B1CA9A511FAD608B00AA2665 /* XSExercisesCollectionViewCell.m in Sources */ = {isa = PBXBuildFile; fileRef = B1CA9A4F1FAD608B00AA2665 /* XSExercisesCollectionViewCell.m */; };
		B1CA9A521FAD608B00AA2665 /* XSExercisesCollectionViewCell.xib in Resources */ = {isa = PBXBuildFile; fileRef = B1CA9A501FAD608B00AA2665 /* XSExercisesCollectionViewCell.xib */; };
		B1CA9A561FAD60CF00AA2665 /* XSExercisesViewController.m in Sources */ = {isa = PBXBuildFile; fileRef = B1CA9A551FAD60CE00AA2665 /* XSExercisesViewController.m */; };
		B1CA9A5A1FAD614B00AA2665 /* UIColor+XSColor.m in Sources */ = {isa = PBXBuildFile; fileRef = B1CA9A591FAD614B00AA2665 /* UIColor+XSColor.m */; };
		B1CA9A601FAEC24200AA2665 /* XSDBCenter.m in Sources */ = {isa = PBXBuildFile; fileRef = B1CA9A5F1FAEC24200AA2665 /* XSDBCenter.m */; };
/* End PBXBuildFile section */

/* Begin PBXFileReference section */
		22ECA971A6AA7D791EB24B99 /* Pods-Exercises.release.xcconfig */ = {isa = PBXFileReference; includeInIndex = 1; lastKnownFileType = text.xcconfig; name = "Pods-Exercises.release.xcconfig"; path = "Pods/Target Support Files/Pods-Exercises/Pods-Exercises.release.xcconfig"; sourceTree = "<group>"; };
		2B335D916B0AFBCD8CA0536C /* Pods-Exercises.debug.xcconfig */ = {isa = PBXFileReference; includeInIndex = 1; lastKnownFileType = text.xcconfig; name = "Pods-Exercises.debug.xcconfig"; path = "Pods/Target Support Files/Pods-Exercises/Pods-Exercises.debug.xcconfig"; sourceTree = "<group>"; };
		5D18C1BC1FB02DD50097D18A /* Exercises.bundle */ = {isa = PBXFileReference; lastKnownFileType = "wrapper.plug-in"; path = Exercises.bundle; sourceTree = "<group>"; };
		5D18C1BE1FB04F8E0097D18A /* XSHomeViewController.h */ = {isa = PBXFileReference; lastKnownFileType = sourcecode.c.h; path = XSHomeViewController.h; sourceTree = "<group>"; };
		5D18C1BF1FB04F8E0097D18A /* XSHomeViewController.m */ = {isa = PBXFileReference; lastKnownFileType = sourcecode.c.objc; path = XSHomeViewController.m; sourceTree = "<group>"; };
		5D9C9D241FAC4A87008E4945 /* Assets.xcassets */ = {isa = PBXFileReference; lastKnownFileType = folder.assetcatalog; path = Assets.xcassets; sourceTree = "<group>"; };
		AF4826A03ACF8382C6EF7122 /* libPods-Exercises.a */ = {isa = PBXFileReference; explicitFileType = archive.ar; includeInIndex = 0; path = "libPods-Exercises.a"; sourceTree = BUILT_PRODUCTS_DIR; };
		B10EB8111FAB59F40060C26E /* Exercises.app */ = {isa = PBXFileReference; explicitFileType = wrapper.application; includeInIndex = 0; path = Exercises.app; sourceTree = BUILT_PRODUCTS_DIR; };
		B10EB8141FAB59F40060C26E /* AppDelegate.h */ = {isa = PBXFileReference; lastKnownFileType = sourcecode.c.h; path = AppDelegate.h; sourceTree = "<group>"; };
		B10EB8151FAB59F40060C26E /* AppDelegate.m */ = {isa = PBXFileReference; lastKnownFileType = sourcecode.c.objc; path = AppDelegate.m; sourceTree = "<group>"; };
		B10EB81B1FAB59F40060C26E /* Base */ = {isa = PBXFileReference; lastKnownFileType = file.storyboard; name = Base; path = Base.lproj/Main.storyboard; sourceTree = "<group>"; };
		B10EB8201FAB59F40060C26E /* Base */ = {isa = PBXFileReference; lastKnownFileType = file.storyboard; name = Base; path = Base.lproj/LaunchScreen.storyboard; sourceTree = "<group>"; };
		B10EB8221FAB59F40060C26E /* Info.plist */ = {isa = PBXFileReference; lastKnownFileType = text.plist.xml; path = Info.plist; sourceTree = "<group>"; };
		B10EB8231FAB59F40060C26E /* main.m */ = {isa = PBXFileReference; lastKnownFileType = sourcecode.c.objc; path = main.m; sourceTree = "<group>"; };
		B1318E2A1FAD538D00BAFBDC /* README.md */ = {isa = PBXFileReference; fileEncoding = 4; lastKnownFileType = net.daringfireball.markdown; path = README.md; sourceTree = SOURCE_ROOT; };
		B1CA9A431FAD58A200AA2665 /* libsqlite3.0.tbd */ = {isa = PBXFileReference; lastKnownFileType = "sourcecode.text-based-dylib-definition"; name = libsqlite3.0.tbd; path = usr/lib/libsqlite3.0.tbd; sourceTree = SDKROOT; };
		B1CA9A4A1FAD605800AA2665 /* XSExercisesModel.h */ = {isa = PBXFileReference; fileEncoding = 4; lastKnownFileType = sourcecode.c.h; path = XSExercisesModel.h; sourceTree = "<group>"; };
		B1CA9A4B1FAD605800AA2665 /* XSExercisesModel.m */ = {isa = PBXFileReference; fileEncoding = 4; lastKnownFileType = sourcecode.c.objc; path = XSExercisesModel.m; sourceTree = "<group>"; };
		B1CA9A4E1FAD608B00AA2665 /* XSExercisesCollectionViewCell.h */ = {isa = PBXFileReference; fileEncoding = 4; lastKnownFileType = sourcecode.c.h; path = XSExercisesCollectionViewCell.h; sourceTree = "<group>"; };
		B1CA9A4F1FAD608B00AA2665 /* XSExercisesCollectionViewCell.m */ = {isa = PBXFileReference; fileEncoding = 4; lastKnownFileType = sourcecode.c.objc; path = XSExercisesCollectionViewCell.m; sourceTree = "<group>"; };
		B1CA9A501FAD608B00AA2665 /* XSExercisesCollectionViewCell.xib */ = {isa = PBXFileReference; fileEncoding = 4; lastKnownFileType = file.xib; path = XSExercisesCollectionViewCell.xib; sourceTree = "<group>"; };
		B1CA9A541FAD60CE00AA2665 /* XSExercisesViewController.h */ = {isa = PBXFileReference; fileEncoding = 4; lastKnownFileType = sourcecode.c.h; path = XSExercisesViewController.h; sourceTree = "<group>"; };
		B1CA9A551FAD60CE00AA2665 /* XSExercisesViewController.m */ = {isa = PBXFileReference; fileEncoding = 4; lastKnownFileType = sourcecode.c.objc; path = XSExercisesViewController.m; sourceTree = "<group>"; };
		B1CA9A581FAD614B00AA2665 /* UIColor+XSColor.h */ = {isa = PBXFileReference; fileEncoding = 4; lastKnownFileType = sourcecode.c.h; path = "UIColor+XSColor.h"; sourceTree = "<group>"; };
		B1CA9A591FAD614B00AA2665 /* UIColor+XSColor.m */ = {isa = PBXFileReference; fileEncoding = 4; lastKnownFileType = sourcecode.c.objc; path = "UIColor+XSColor.m"; sourceTree = "<group>"; };
		B1CA9A5E1FAEC24200AA2665 /* XSDBCenter.h */ = {isa = PBXFileReference; lastKnownFileType = sourcecode.c.h; path = XSDBCenter.h; sourceTree = "<group>"; };
		B1CA9A5F1FAEC24200AA2665 /* XSDBCenter.m */ = {isa = PBXFileReference; lastKnownFileType = sourcecode.c.objc; path = XSDBCenter.m; sourceTree = "<group>"; };
/* End PBXFileReference section */

/* Begin PBXFrameworksBuildPhase section */
		B10EB80E1FAB59F40060C26E /* Frameworks */ = {
			isa = PBXFrameworksBuildPhase;
			buildActionMask = 2147483647;
			files = (
				B1CA9A441FAD58A200AA2665 /* libsqlite3.0.tbd in Frameworks */,
				5CB3BA879EE84FACAFBC0B7D /* libPods-Exercises.a in Frameworks */,
			);
			runOnlyForDeploymentPostprocessing = 0;
		};
/* End PBXFrameworksBuildPhase section */

/* Begin PBXGroup section */
		2410CD966C442E417D9C66DF /* Pods */ = {
			isa = PBXGroup;
			children = (
				2B335D916B0AFBCD8CA0536C /* Pods-Exercises.debug.xcconfig */,
				22ECA971A6AA7D791EB24B99 /* Pods-Exercises.release.xcconfig */,
			);
			name = Pods;
			sourceTree = "<group>";
		};
		59BF6F1E65DC8C453F1FB7CF /* Frameworks */ = {
			isa = PBXGroup;
			children = (
				B1CA9A431FAD58A200AA2665 /* libsqlite3.0.tbd */,
				AF4826A03ACF8382C6EF7122 /* libPods-Exercises.a */,
			);
			name = Frameworks;
			sourceTree = "<group>";
		};
		B10EB8081FAB59F40060C26E = {
			isa = PBXGroup;
			children = (
				5D18C1BC1FB02DD50097D18A /* Exercises.bundle */,
				B10EB8131FAB59F40060C26E /* Exercises */,
				B10EB8121FAB59F40060C26E /* Products */,
				2410CD966C442E417D9C66DF /* Pods */,
				59BF6F1E65DC8C453F1FB7CF /* Frameworks */,
			);
			sourceTree = "<group>";
		};
		B10EB8121FAB59F40060C26E /* Products */ = {
			isa = PBXGroup;
			children = (
				B10EB8111FAB59F40060C26E /* Exercises.app */,
			);
			name = Products;
			sourceTree = "<group>";
		};
		B10EB8131FAB59F40060C26E /* Exercises */ = {
			isa = PBXGroup;
			children = (
				B1CA9A5D1FAEC21800AA2665 /* Utils */,
				B1CA9A531FAD60CE00AA2665 /* Controllers */,
				B1CA9A4D1FAD608B00AA2665 /* Views */,
				B1CA9A491FAD605800AA2665 /* Models */,
				B1CA9A571FAD614B00AA2665 /* Category */,
				B10EB8141FAB59F40060C26E /* AppDelegate.h */,
				B10EB8151FAB59F40060C26E /* AppDelegate.m */,
				B10EB81A1FAB59F40060C26E /* Main.storyboard */,
				B10EB81F1FAB59F40060C26E /* LaunchScreen.storyboard */,
				B10EB8221FAB59F40060C26E /* Info.plist */,
				5D9C9D241FAC4A87008E4945 /* Assets.xcassets */,
				B10EB8231FAB59F40060C26E /* main.m */,
				B1318E2A1FAD538D00BAFBDC /* README.md */,
			);
			path = Exercises;
			sourceTree = "<group>";
		};
		B1CA9A491FAD605800AA2665 /* Models */ = {
			isa = PBXGroup;
			children = (
				B1CA9A4A1FAD605800AA2665 /* XSExercisesModel.h */,
				B1CA9A4B1FAD605800AA2665 /* XSExercisesModel.m */,
			);
			path = Models;
			sourceTree = "<group>";
		};
		B1CA9A4D1FAD608B00AA2665 /* Views */ = {
			isa = PBXGroup;
			children = (
				B1CA9A4E1FAD608B00AA2665 /* XSExercisesCollectionViewCell.h */,
				B1CA9A4F1FAD608B00AA2665 /* XSExercisesCollectionViewCell.m */,
				B1CA9A501FAD608B00AA2665 /* XSExercisesCollectionViewCell.xib */,
			);
			path = Views;
			sourceTree = "<group>";
		};
		B1CA9A531FAD60CE00AA2665 /* Controllers */ = {
			isa = PBXGroup;
			children = (
				5D18C1BE1FB04F8E0097D18A /* XSHomeViewController.h */,
				5D18C1BF1FB04F8E0097D18A /* XSHomeViewController.m */,
				B1CA9A541FAD60CE00AA2665 /* XSExercisesViewController.h */,
				B1CA9A551FAD60CE00AA2665 /* XSExercisesViewController.m */,
			);
			path = Controllers;
			sourceTree = "<group>";
		};
		B1CA9A571FAD614B00AA2665 /* Category */ = {
			isa = PBXGroup;
			children = (
				B1CA9A581FAD614B00AA2665 /* UIColor+XSColor.h */,
				B1CA9A591FAD614B00AA2665 /* UIColor+XSColor.m */,
			);
			path = Category;
			sourceTree = "<group>";
		};
		B1CA9A5D1FAEC21800AA2665 /* Utils */ = {
			isa = PBXGroup;
			children = (
				B1CA9A5E1FAEC24200AA2665 /* XSDBCenter.h */,
				B1CA9A5F1FAEC24200AA2665 /* XSDBCenter.m */,
			);
			path = Utils;
			sourceTree = "<group>";
		};
/* End PBXGroup section */

/* Begin PBXNativeTarget section */
		B10EB8101FAB59F40060C26E /* Exercises */ = {
			isa = PBXNativeTarget;
			buildConfigurationList = B10EB8271FAB59F40060C26E /* Build configuration list for PBXNativeTarget "Exercises" */;
			buildPhases = (
				6B379E85833344F736EFA066 /* [CP] Check Pods Manifest.lock */,
				B10EB80D1FAB59F40060C26E /* Sources */,
				B10EB80E1FAB59F40060C26E /* Frameworks */,
				B10EB80F1FAB59F40060C26E /* Resources */,
				9ADFF1BC1FD025845102F295 /* [CP] Embed Pods Frameworks */,
				6E5650709B259D2B2980A050 /* [CP] Copy Pods Resources */,
			);
			buildRules = (
			);
			dependencies = (
			);
			name = Exercises;
			productName = Exercises;
			productReference = B10EB8111FAB59F40060C26E /* Exercises.app */;
			productType = "com.apple.product-type.application";
		};
/* End PBXNativeTarget section */

/* Begin PBXProject section */
		B10EB8091FAB59F40060C26E /* Project object */ = {
			isa = PBXProject;
			attributes = {
				LastUpgradeCheck = 0900;
				ORGANIZATIONNAME = shamic;
				TargetAttributes = {
					B10EB8101FAB59F40060C26E = {
						CreatedOnToolsVersion = 9.0.1;
						ProvisioningStyle = Automatic;
					};
				};
			};
			buildConfigurationList = B10EB80C1FAB59F40060C26E /* Build configuration list for PBXProject "Exercises" */;
			compatibilityVersion = "Xcode 8.0";
			developmentRegion = en;
			hasScannedForEncodings = 0;
			knownRegions = (
				en,
				Base,
			);
			mainGroup = B10EB8081FAB59F40060C26E;
			productRefGroup = B10EB8121FAB59F40060C26E /* Products */;
			projectDirPath = "";
			projectRoot = "";
			targets = (
				B10EB8101FAB59F40060C26E /* Exercises */,
			);
		};
/* End PBXProject section */

/* Begin PBXResourcesBuildPhase section */
		B10EB80F1FAB59F40060C26E /* Resources */ = {
			isa = PBXResourcesBuildPhase;
			buildActionMask = 2147483647;
			files = (
				B10EB8211FAB59F40060C26E /* LaunchScreen.storyboard in Resources */,
				B1318E2B1FAD538E00BAFBDC /* README.md in Resources */,
				5D9C9D251FAC4A87008E4945 /* Assets.xcassets in Resources */,
				B10EB81C1FAB59F40060C26E /* Main.storyboard in Resources */,
				B1CA9A521FAD608B00AA2665 /* XSExercisesCollectionViewCell.xib in Resources */,
				5D18C1BD1FB02DD50097D18A /* Exercises.bundle in Resources */,
			);
			runOnlyForDeploymentPostprocessing = 0;
		};
/* End PBXResourcesBuildPhase section */

/* Begin PBXShellScriptBuildPhase section */
		6B379E85833344F736EFA066 /* [CP] Check Pods Manifest.lock */ = {
			isa = PBXShellScriptBuildPhase;
			buildActionMask = 2147483647;
			files = (
			);
			inputPaths = (
				"${PODS_PODFILE_DIR_PATH}/Podfile.lock",
				"${PODS_ROOT}/Manifest.lock",
			);
			name = "[CP] Check Pods Manifest.lock";
			outputPaths = (
				"$(DERIVED_FILE_DIR)/Pods-Exercises-checkManifestLockResult.txt",
			);
			runOnlyForDeploymentPostprocessing = 0;
			shellPath = /bin/sh;
			shellScript = "diff \"${PODS_PODFILE_DIR_PATH}/Podfile.lock\" \"${PODS_ROOT}/Manifest.lock\" > /dev/null\nif [ $? != 0 ] ; then\n    # print error to STDERR\n    echo \"error: The sandbox is not in sync with the Podfile.lock. Run 'pod install' or update your CocoaPods installation.\" >&2\n    exit 1\nfi\n";
			showEnvVarsInLog = 0;
		};
		6E5650709B259D2B2980A050 /* [CP] Copy Pods Resources */ = {
			isa = PBXShellScriptBuildPhase;
			buildActionMask = 2147483647;
			files = (
			);
			inputPaths = (
			);
			name = "[CP] Copy Pods Resources";
			outputPaths = (
			);
			runOnlyForDeploymentPostprocessing = 0;
			shellPath = /bin/sh;
			shellScript = "\"${SRCROOT}/Pods/Target Support Files/Pods-Exercises/Pods-Exercises-resources.sh\"\n";
			showEnvVarsInLog = 0;
		};
		9ADFF1BC1FD025845102F295 /* [CP] Embed Pods Frameworks */ = {
			isa = PBXShellScriptBuildPhase;
			buildActionMask = 2147483647;
			files = (
			);
			inputPaths = (
			);
			name = "[CP] Embed Pods Frameworks";
			outputPaths = (
			);
			runOnlyForDeploymentPostprocessing = 0;
			shellPath = /bin/sh;
			shellScript = "\"${SRCROOT}/Pods/Target Support Files/Pods-Exercises/Pods-Exercises-frameworks.sh\"\n";
			showEnvVarsInLog = 0;
		};
/* End PBXShellScriptBuildPhase section */

/* Begin PBXSourcesBuildPhase section */
		B10EB80D1FAB59F40060C26E /* Sources */ = {
			isa = PBXSourcesBuildPhase;
			buildActionMask = 2147483647;
			files = (
				B1CA9A601FAEC24200AA2665 /* XSDBCenter.m in Sources */,
				B10EB8241FAB59F40060C26E /* main.m in Sources */,
				B1CA9A4C1FAD605800AA2665 /* XSExercisesModel.m in Sources */,
				B1CA9A561FAD60CF00AA2665 /* XSExercisesViewController.m in Sources */,
				5D18C1C01FB04F8E0097D18A /* XSHomeViewController.m in Sources */,
				B10EB8161FAB59F40060C26E /* AppDelegate.m in Sources */,
				B1CA9A5A1FAD614B00AA2665 /* UIColor+XSColor.m in Sources */,
				B1CA9A511FAD608B00AA2665 /* XSExercisesCollectionViewCell.m in Sources */,
			);
			runOnlyForDeploymentPostprocessing = 0;
		};
/* End PBXSourcesBuildPhase section */

/* Begin PBXVariantGroup section */
		B10EB81A1FAB59F40060C26E /* Main.storyboard */ = {
			isa = PBXVariantGroup;
			children = (
				B10EB81B1FAB59F40060C26E /* Base */,
			);
			name = Main.storyboard;
			sourceTree = "<group>";
		};
		B10EB81F1FAB59F40060C26E /* LaunchScreen.storyboard */ = {
			isa = PBXVariantGroup;
			children = (
				B10EB8201FAB59F40060C26E /* Base */,
			);
			name = LaunchScreen.storyboard;
			sourceTree = "<group>";
		};
/* End PBXVariantGroup section */

/* Begin XCBuildConfiguration section */
		B10EB8251FAB59F40060C26E /* Debug */ = {
			isa = XCBuildConfiguration;
			buildSettings = {
				ALWAYS_SEARCH_USER_PATHS = NO;
				CLANG_ANALYZER_NONNULL = YES;
				CLANG_ANALYZER_NUMBER_OBJECT_CONVERSION = YES_AGGRESSIVE;
				CLANG_CXX_LANGUAGE_STANDARD = "gnu++14";
				CLANG_CXX_LIBRARY = "libc++";
				CLANG_ENABLE_MODULES = YES;
				CLANG_ENABLE_OBJC_ARC = YES;
				CLANG_WARN_BLOCK_CAPTURE_AUTORELEASING = YES;
				CLANG_WARN_BOOL_CONVERSION = YES;
				CLANG_WARN_COMMA = YES;
				CLANG_WARN_CONSTANT_CONVERSION = YES;
				CLANG_WARN_DIRECT_OBJC_ISA_USAGE = YES_ERROR;
				CLANG_WARN_DOCUMENTATION_COMMENTS = YES;
				CLANG_WARN_EMPTY_BODY = YES;
				CLANG_WARN_ENUM_CONVERSION = YES;
				CLANG_WARN_INFINITE_RECURSION = YES;
				CLANG_WARN_INT_CONVERSION = YES;
				CLANG_WARN_NON_LITERAL_NULL_CONVERSION = YES;
				CLANG_WARN_OBJC_LITERAL_CONVERSION = YES;
				CLANG_WARN_OBJC_ROOT_CLASS = YES_ERROR;
				CLANG_WARN_RANGE_LOOP_ANALYSIS = YES;
				CLANG_WARN_STRICT_PROTOTYPES = YES;
				CLANG_WARN_SUSPICIOUS_MOVE = YES;
				CLANG_WARN_UNGUARDED_AVAILABILITY = YES_AGGRESSIVE;
				CLANG_WARN_UNREACHABLE_CODE = YES;
				CLANG_WARN__DUPLICATE_METHOD_MATCH = YES;
				CODE_SIGN_IDENTITY = "iPhone Developer";
				COPY_PHASE_STRIP = NO;
				DEBUG_INFORMATION_FORMAT = dwarf;
				ENABLE_STRICT_OBJC_MSGSEND = YES;
				ENABLE_TESTABILITY = YES;
				GCC_C_LANGUAGE_STANDARD = gnu11;
				GCC_DYNAMIC_NO_PIC = NO;
				GCC_NO_COMMON_BLOCKS = YES;
				GCC_OPTIMIZATION_LEVEL = 0;
				GCC_PREPROCESSOR_DEFINITIONS = (
					"DEBUG=1",
					"$(inherited)",
				);
				GCC_WARN_64_TO_32_BIT_CONVERSION = YES;
				GCC_WARN_ABOUT_RETURN_TYPE = YES_ERROR;
				GCC_WARN_UNDECLARED_SELECTOR = YES;
				GCC_WARN_UNINITIALIZED_AUTOS = YES_AGGRESSIVE;
				GCC_WARN_UNUSED_FUNCTION = YES;
				GCC_WARN_UNUSED_VARIABLE = YES;
				IPHONEOS_DEPLOYMENT_TARGET = 11.0;
				MTL_ENABLE_DEBUG_INFO = YES;
				ONLY_ACTIVE_ARCH = YES;
				SDKROOT = iphoneos;
			};
			name = Debug;
		};
		B10EB8261FAB59F40060C26E /* Release */ = {
			isa = XCBuildConfiguration;
			buildSettings = {
				ALWAYS_SEARCH_USER_PATHS = NO;
				CLANG_ANALYZER_NONNULL = YES;
				CLANG_ANALYZER_NUMBER_OBJECT_CONVERSION = YES_AGGRESSIVE;
				CLANG_CXX_LANGUAGE_STANDARD = "gnu++14";
				CLANG_CXX_LIBRARY = "libc++";
				CLANG_ENABLE_MODULES = YES;
				CLANG_ENABLE_OBJC_ARC = YES;
				CLANG_WARN_BLOCK_CAPTURE_AUTORELEASING = YES;
				CLANG_WARN_BOOL_CONVERSION = YES;
				CLANG_WARN_COMMA = YES;
				CLANG_WARN_CONSTANT_CONVERSION = YES;
				CLANG_WARN_DIRECT_OBJC_ISA_USAGE = YES_ERROR;
				CLANG_WARN_DOCUMENTATION_COMMENTS = YES;
				CLANG_WARN_EMPTY_BODY = YES;
				CLANG_WARN_ENUM_CONVERSION = YES;
				CLANG_WARN_INFINITE_RECURSION = YES;
				CLANG_WARN_INT_CONVERSION = YES;
				CLANG_WARN_NON_LITERAL_NULL_CONVERSION = YES;
				CLANG_WARN_OBJC_LITERAL_CONVERSION = YES;
				CLANG_WARN_OBJC_ROOT_CLASS = YES_ERROR;
				CLANG_WARN_RANGE_LOOP_ANALYSIS = YES;
				CLANG_WARN_STRICT_PROTOTYPES = YES;
				CLANG_WARN_SUSPICIOUS_MOVE = YES;
				CLANG_WARN_UNGUARDED_AVAILABILITY = YES_AGGRESSIVE;
				CLANG_WARN_UNREACHABLE_CODE = YES;
				CLANG_WARN__DUPLICATE_METHOD_MATCH = YES;
				CODE_SIGN_IDENTITY = "iPhone Developer";
				COPY_PHASE_STRIP = NO;
				DEBUG_INFORMATION_FORMAT = "dwarf-with-dsym";
				ENABLE_NS_ASSERTIONS = NO;
				ENABLE_STRICT_OBJC_MSGSEND = YES;
				GCC_C_LANGUAGE_STANDARD = gnu11;
				GCC_NO_COMMON_BLOCKS = YES;
				GCC_WARN_64_TO_32_BIT_CONVERSION = YES;
				GCC_WARN_ABOUT_RETURN_TYPE = YES_ERROR;
				GCC_WARN_UNDECLARED_SELECTOR = YES;
				GCC_WARN_UNINITIALIZED_AUTOS = YES_AGGRESSIVE;
				GCC_WARN_UNUSED_FUNCTION = YES;
				GCC_WARN_UNUSED_VARIABLE = YES;
				IPHONEOS_DEPLOYMENT_TARGET = 11.0;
				MTL_ENABLE_DEBUG_INFO = NO;
				SDKROOT = iphoneos;
				VALIDATE_PRODUCT = YES;
			};
			name = Release;
		};
		B10EB8281FAB59F40060C26E /* Debug */ = {
			isa = XCBuildConfiguration;
			baseConfigurationReference = 2B335D916B0AFBCD8CA0536C /* Pods-Exercises.debug.xcconfig */;
			buildSettings = {
				ASSETCATALOG_COMPILER_APPICON_NAME = AppIcon;
				ASSETCATALOG_COMPILER_LAUNCHIMAGE_NAME = LaunchImage;
				CODE_SIGN_STYLE = Automatic;
				DEVELOPMENT_TEAM = GZPZTXV876;
				INFOPLIST_FILE = Exercises/Info.plist;
				IPHONEOS_DEPLOYMENT_TARGET = 9.0;
				LD_RUNPATH_SEARCH_PATHS = "$(inherited) @executable_path/Frameworks";
				PRODUCT_BUNDLE_IDENTIFIER = com.shamic.Exercises;
				PRODUCT_NAME = "$(TARGET_NAME)";
				TARGETED_DEVICE_FAMILY = 1;
			};
			name = Debug;
		};
		B10EB8291FAB59F40060C26E /* Release */ = {
			isa = XCBuildConfiguration;
			baseConfigurationReference = 22ECA971A6AA7D791EB24B99 /* Pods-Exercises.release.xcconfig */;
			buildSettings = {
				ASSETCATALOG_COMPILER_APPICON_NAME = AppIcon;
				ASSETCATALOG_COMPILER_LAUNCHIMAGE_NAME = LaunchImage;
				CODE_SIGN_STYLE = Automatic;
				DEVELOPMENT_TEAM = GZPZTXV876;
				INFOPLIST_FILE = Exercises/Info.plist;
				IPHONEOS_DEPLOYMENT_TARGET = 9.0;
				LD_RUNPATH_SEARCH_PATHS = "$(inherited) @executable_path/Frameworks";
				PRODUCT_BUNDLE_IDENTIFIER = com.shamic.Exercises;
				PRODUCT_NAME = "$(TARGET_NAME)";
				TARGETED_DEVICE_FAMILY = 1;
			};
			name = Release;
		};
/* End XCBuildConfiguration section */

/* Begin XCConfigurationList section */
		B10EB80C1FAB59F40060C26E /* Build configuration list for PBXProject "Exercises" */ = {
			isa = XCConfigurationList;
			buildConfigurations = (
				B10EB8251FAB59F40060C26E /* Debug */,
				B10EB8261FAB59F40060C26E /* Release */,
			);
			defaultConfigurationIsVisible = 0;
			defaultConfigurationName = Release;
		};
		B10EB8271FAB59F40060C26E /* Build configuration list for PBXNativeTarget "Exercises" */ = {
			isa = XCConfigurationList;
			buildConfigurations = (
				B10EB8281FAB59F40060C26E /* Debug */,
				B10EB8291FAB59F40060C26E /* Release */,
			);
			defaultConfigurationIsVisible = 0;
			defaultConfigurationName = Release;
		};
/* End XCConfigurationList section */
	};
	rootObject = B10EB8091FAB59F40060C26E /* Project object */;
}
